
Microsoft Visual Studio Solution File, Format Version 12.00
# Visual Studio Version 16
VisualStudioVersion = 16.0.30503.244
MinimumVisualStudioVersion = 10.0.40219.1
Project("{FAE04EC0-301F-11D3-BF4B-00C04F79EFBC}") = "IntroAssignment", "IntroAssignment.csproj", "{C1E4186E-537E-4373-8126-9E939580A270}"
EndProject
Global
	GlobalSection(SolutionConfigurationPlatforms) = preSolution
		Debug|Any CPU = Debug|Any CPU
		Release|Any CPU = Release|Any CPU
	EndGlobalSection
	GlobalSection(ProjectConfigurationPlatforms) = postSolution
		{C1E4186E-537E-4373-8126-9E939580A270}.Debug|Any CPU.ActiveCfg = Debug|Any CPU
		{C1E4186E-537E-4373-8126-9E939580A270}.Debug|Any CPU.Build.0 = Debug|Any CPU
		{C1E4186E-537E-4373-8126-9E939580A270}.Release|Any CPU.ActiveCfg = Release|Any CPU
		{C1E4186E-537E-4373-8126-9E939580A270}.Release|Any CPU.Build.0 = Release|Any CPU
	EndGlobalSection
	GlobalSection(SolutionProperties) = preSolution
		HideSolutionNode = FALSE
	EndGlobalSection
	GlobalSection(ExtensibilityGlobals) = postSolution
		SolutionGuid = {B72BE0A8-9B25-4775-9ED0-01C1E5D19B4B}
	EndGlobalSection
EndGlobal
